lockfileVersion: '9.0'

settings:
  autoInstallPeers: true
  excludeLinksFromLockfile: false

importers:

  .:
    dependencies:
      '@types/matter-js':
        specifier: ^0.19.7
        version: 0.19.7

packages:

  '@types/matter-js@0.19.7':
    resolution: {integrity: sha512-dlh50YEh1lQS4fiCDGBnK75ocHQIq/1E371Qk6hASJImICIivdZQC2GkOqnfBm0Hac2xLk5+yrqRFDAEfj/yLA==}

snapshots:

  '@types/matter-js@0.19.7': {}
